// !$*UTF8*$!
{
	archiveVersion = 1;
	classes = {
	};
	objectVersion = 48;
	objects = {

/* Begin PBXBuildFile section */
		D96891641F09024500ACB9F4 /* AppDelegate.m in Sources */ = {isa = PBXBuildFile; fileRef = D96891631F09024500ACB9F4 /* AppDelegate.m */; };
		D96891671F09024500ACB9F4 /* ViewController.m in Sources */ = {isa = PBXBuildFile; fileRef = D96891661F09024500ACB9F4 /* ViewController.m */; };
		D968916A1F09024500ACB9F4 /* Main.storyboard in Resources */ = {isa = PBXBuildFile; fileRef = D96891681F09024500ACB9F4 /* Main.storyboard */; };
		D968916C1F09024500ACB9F4 /* Assets.xcassets in Resources */ = {isa = PBXBuildFile; fileRef = D968916B1F09024500ACB9F4 /* Assets.xcassets */; };
		D968916F1F09024500ACB9F4 /* LaunchScreen.storyboard in Resources */ = {isa = PBXBuildFile; fileRef = D968916D1F09024500ACB9F4 /* LaunchScreen.storyboard */; };
		D96891721F09024500ACB9F4 /* main.m in Sources */ = {isa = PBXBuildFile; fileRef = D96891711F09024500ACB9F4 /* main.m */; };
		D99DCC961F090277007143AB /* YYKeyboardManager.m in Sources */ = {isa = PBXBuildFile; fileRef = D99DCC951F090277007143AB /* YYKeyboardManager.m */; };
/* End PBXBuildFile section */

/* Begin PBXFileReference section */
		D968915F1F09024500ACB9F4 /* YYKeyboardManagerDemo.app */ = {isa = PBXFileReference; explicitFileType = wrapper.application; includeInIndex = 0; path = YYKeyboardManagerDemo.app; sourceTree = BUILT_PRODUCTS_DIR; };
		D96891621F09024500ACB9F4 /* AppDelegate.h */ = {isa = PBXFileReference; lastKnownFileType = sourcecode.c.h; path = AppDelegate.h; sourceTree = "<group>"; };
		D96891631F09024500ACB9F4 /* AppDelegate.m */ = {isa = PBXFileReference; lastKnownFileType = sourcecode.c.objc; path = AppDelegate.m; sourceTree = "<group>"; };
		D96891651F09024500ACB9F4 /* ViewController.h */ = {isa = PBXFileReference; lastKnownFileType = sourcecode.c.h; path = ViewController.h; sourceTree = "<group>"; };
		D96891661F09024500ACB9F4 /* ViewController.m */ = {isa = PBXFileReference; lastKnownFileType = sourcecode.c.objc; path = ViewController.m; sourceTree = "<group>"; };
		D96891691F09024500ACB9F4 /* Base */ = {isa = PBXFileReference; lastKnownFileType = file.storyboard; name = Base; path = Base.lproj/Main.storyboard; sourceTree = "<group>"; };
		D968916B1F09024500ACB9F4 /* Assets.xcassets */ = {isa = PBXFileReference; lastKnownFileType = folder.assetcatalog; path = Assets.xcassets; sourceTree = "<group>"; };
		D968916E1F09024500ACB9F4 /* Base */ = {isa = PBXFileReference; lastKnownFileType = file.storyboard; name = Base; path = Base.lproj/LaunchScreen.storyboard; sourceTree = "<group>"; };
		D96891701F09024500ACB9F4 /* Info.plist */ = {isa = PBXFileReference; lastKnownFileType = text.plist.xml; path = Info.plist; sourceTree = "<group>"; };
		D96891711F09024500ACB9F4 /* main.m */ = {isa = PBXFileReference; lastKnownFileType = sourcecode.c.objc; path = main.m; sourceTree = "<group>"; };
		D99DCC941F090277007143AB /* YYKeyboardManager.h */ = {isa = PBXFileReference; fileEncoding = 4; lastKnownFileType = sourcecode.c.h; path = YYKeyboardManager.h; sourceTree = "<group>"; };
		D99DCC951F090277007143AB /* YYKeyboardManager.m */ = {isa = PBXFileReference; fileEncoding = 4; lastKnownFileType = sourcecode.c.objc; path = YYKeyboardManager.m; sourceTree = "<group>"; };
/* End PBXFileReference section */

/* Begin PBXFrameworksBuildPhase section */
		D968915C1F09024500ACB9F4 /* Frameworks */ = {
			isa = PBXFrameworksBuildPhase;
			buildActionMask = 2147483647;
			files = (
			);
			runOnlyForDeploymentPostprocessing = 0;
		};
/* End PBXFrameworksBuildPhase section */

/* Begin PBXGroup section */
		D96891561F09024500ACB9F4 = {
			isa = PBXGroup;
			children = (
				D99DCC931F090277007143AB /* YYKeyboardManager */,
				D96891611F09024500ACB9F4 /* YYKeyboardManagerDemo */,
				D96891601F09024500ACB9F4 /* Products */,
			);
			sourceTree = "<group>";
		};
		D96891601F09024500ACB9F4 /* Products */ = {
			isa = PBXGroup;
			children = (
				D968915F1F09024500ACB9F4 /* YYKeyboardManagerDemo.app */,
			);
			name = Products;
			sourceTree = "<group>";
		};
		D96891611F09024500ACB9F4 /* YYKeyboardManagerDemo */ = {
			isa = PBXGroup;
			children = (
				D96891621F09024500ACB9F4 /* AppDelegate.h */,
				D96891631F09024500ACB9F4 /* AppDelegate.m */,
				D96891651F09024500ACB9F4 /* ViewController.h */,
				D96891661F09024500ACB9F4 /* ViewController.m */,
				D96891681F09024500ACB9F4 /* Main.storyboard */,
				D968916B1F09024500ACB9F4 /* Assets.xcassets */,
				D968916D1F09024500ACB9F4 /* LaunchScreen.storyboard */,
				D96891701F09024500ACB9F4 /* Info.plist */,
				D96891711F09024500ACB9F4 /* main.m */,
			);
			path = YYKeyboardManagerDemo;
			sourceTree = "<group>";
		};
		D99DCC931F090277007143AB /* YYKeyboardManager */ = {
			isa = PBXGroup;
			children = (
				D99DCC941F090277007143AB /* YYKeyboardManager.h */,
				D99DCC951F090277007143AB /* YYKeyboardManager.m */,
			);
			name = YYKeyboardManager;
			path = ../YYKeyboardManager;
			sourceTree = "<group>";
		};
/* End PBXGroup section */

/* Begin PBXNativeTarget section */
		D968915E1F09024500ACB9F4 /* YYKeyboardManagerDemo */ = {
			isa = PBXNativeTarget;
			buildConfigurationList = D96891751F09024500ACB9F4 /* Build configuration list for PBXNativeTarget "YYKeyboardManagerDemo" */;
			buildPhases = (
				D968915B1F09024500ACB9F4 /* Sources */,
				D968915C1F09024500ACB9F4 /* Frameworks */,
				D968915D1F09024500ACB9F4 /* Resources */,
			);
			buildRules = (
			);
			dependencies = (
			);
			name = YYKeyboardManagerDemo;
			productName = YYKeyboardManagerDemo;
			productReference = D968915F1F09024500ACB9F4 /* YYKeyboardManagerDemo.app */;
			productType = "com.apple.product-type.application";
		};
/* End PBXNativeTarget section */

/* Begin PBXProject section */
		D96891571F09024500ACB9F4 /* Project object */ = {
			isa = PBXProject;
			attributes = {
				LastUpgradeCheck = 0900;
				ORGANIZATIONNAME = ibireme;
				TargetAttributes = {
					D968915E1F09024500ACB9F4 = {
						CreatedOnToolsVersion = 9.0;
					};
				};
			};
			buildConfigurationList = D968915A1F09024500ACB9F4 /* Build configuration list for PBXProject "YYKeyboardManagerDemo" */;
			compatibilityVersion = "Xcode 8.0";
			developmentRegion = en;
			hasScannedForEncodings = 0;
			knownRegions = (
				en,
				Base,
			);
			mainGroup = D96891561F09024500ACB9F4;
			productRefGroup = D96891601F09024500ACB9F4 /* Products */;
			projectDirPath = "";
			projectRoot = "";
			targets = (
				D968915E1F09024500ACB9F4 /* YYKeyboardManagerDemo */,
			);
		};
/* End PBXProject section */

/* Begin PBXResourcesBuildPhase section */
		D968915D1F09024500ACB9F4 /* Resources */ = {
			isa = PBXResourcesBuildPhase;
			buildActionMask = 2147483647;
			files = (
				D968916F1F09024500ACB9F4 /* LaunchScreen.storyboard in Resources */,
				D968916C1F09024500ACB9F4 /* Assets.xcassets in Resources */,
				D968916A1F09024500ACB9F4 /* Main.storyboard in Resources */,
			);
			runOnlyForDeploymentPostprocessing = 0;
		};
/* End PBXResourcesBuildPhase section */

/* Begin PBXSourcesBuildPhase section */
		D968915B1F09024500ACB9F4 /* Sources */ = {
			isa = PBXSourcesBuildPhase;
			buildActionMask = 2147483647;
			files = (
				D99DCC961F090277007143AB /* YYKeyboardManager.m in Sources */,
				D96891671F09024500ACB9F4 /* ViewController.m in Sources */,
				D96891721F09024500ACB9F4 /* main.m in Sources */,
				D96891641F09024500ACB9F4 /* AppDelegate.m in Sources */,
			);
			runOnlyForDeploymentPostprocessing = 0;
		};
/* End PBXSourcesBuildPhase section */

/* Begin PBXVariantGroup section */
		D96891681F09024500ACB9F4 /* Main.storyboard */ = {
			isa = PBXVariantGroup;
			children = (
				D96891691F09024500ACB9F4 /* Base */,
			);
			name = Main.storyboard;
			sourceTree = "<group>";
		};
		D968916D1F09024500ACB9F4 /* LaunchScreen.storyboard */ = {
			isa = PBXVariantGroup;
			children = (
				D968916E1F09024500ACB9F4 /* Base */,
			);
			name = LaunchScreen.storyboard;
			sourceTree = "<group>";
		};
/* End PBXVariantGroup section */

/* Begin XCBuildConfiguration section */
		D96891731F09024500ACB9F4 /* Debug */ = {
			isa = XCBuildConfiguration;
			buildSettings = {
				ALWAYS_SEARCH_USER_PATHS = NO;
				CLANG_ANALYZER_NONNULL = YES;
				CLANG_ANALYZER_NUMBER_OBJECT_CONVERSION = YES_AGGRESSIVE;
				CLANG_CXX_LANGUAGE_STANDARD = "gnu++14";
				CLANG_CXX_LIBRARY = "libc++";
				CLANG_ENABLE_MODULES = YES;
				CLANG_ENABLE_OBJC_ARC = YES;
				CLANG_WARN_BLOCK_CAPTURE_AUTORELEASING = YES;
				CLANG_WARN_BOOL_CONVERSION = YES;
				CLANG_WARN_COMMA = YES;
				CLANG_WARN_CONSTANT_CONVERSION = YES;
				CLANG_WARN_DIRECT_OBJC_ISA_USAGE = YES_ERROR;
				CLANG_WARN_DOCUMENTATION_COMMENTS = YES;
				CLANG_WARN_EMPTY_BODY = YES;
				CLANG_WARN_ENUM_CONVERSION = YES;
				CLANG_WARN_INFINITE_RECURSION = YES;
				CLANG_WARN_INT_CONVERSION = YES;
				CLANG_WARN_OBJC_ROOT_CLASS = YES_ERROR;
				CLANG_WARN_RANGE_LOOP_ANALYSIS = YES;
				CLANG_WARN_STRICT_PROTOTYPES = YES;
				CLANG_WARN_SUSPICIOUS_MOVE = YES;
				CLANG_WARN_UNGUARDED_AVAILABILITY = YES_AGGRESSIVE;
				CLANG_WARN_UNREACHABLE_CODE = YES;
				CLANG_WARN__DUPLICATE_METHOD_MATCH = YES;
				CODE_SIGN_IDENTITY = "iPhone Developer";
				COPY_PHASE_STRIP = NO;
				DEBUG_INFORMATION_FORMAT = dwarf;
				ENABLE_STRICT_OBJC_MSGSEND = YES;
				ENABLE_TESTABILITY = YES;
				GCC_C_LANGUAGE_STANDARD = gnu11;
				GCC_DYNAMIC_NO_PIC = NO;
				GCC_NO_COMMON_BLOCKS = YES;
				GCC_OPTIMIZATION_LEVEL = 0;
				GCC_PREPROCESSOR_DEFINITIONS = (
					"DEBUG=1",
					"$(inherited)",
				);
				GCC_WARN_64_TO_32_BIT_CONVERSION = YES;
				GCC_WARN_ABOUT_RETURN_TYPE = YES_ERROR;
				GCC_WARN_UNDECLARED_SELECTOR = YES;
				GCC_WARN_UNINITIALIZED_AUTOS = YES_AGGRESSIVE;
				GCC_WARN_UNUSED_FUNCTION = YES;
				GCC_WARN_UNUSED_VARIABLE = YES;
				IPHONEOS_DEPLOYMENT_TARGET = 8.0;
				MTL_ENABLE_DEBUG_INFO = YES;
				ONLY_ACTIVE_ARCH = YES;
				SDKROOT = iphoneos;
			};
			name = Debug;
		};
		D96891741F09024500ACB9F4 /* Release */ = {
			isa = XCBuildConfiguration;
			buildSettings = {
				ALWAYS_SEARCH_USER_PATHS = NO;
				CLANG_ANALYZER_NONNULL = YES;
				CLANG_ANALYZER_NUMBER_OBJECT_CONVERSION = YES_AGGRESSIVE;
				CLANG_CXX_LANGUAGE_STANDARD = "gnu++14";
				CLANG_CXX_LIBRARY = "libc++";
				CLANG_ENABLE_MODULES = YES;
				CLANG_ENABLE_OBJC_ARC = YES;
				CLANG_WARN_BLOCK_CAPTURE_AUTORELEASING = YES;
				CLANG_WARN_BOOL_CONVERSION = YES;
				CLANG_WARN_COMMA = YES;
				CLANG_WARN_CONSTANT_CONVERSION = YES;
				CLANG_WARN_DIRECT_OBJC_ISA_USAGE = YES_ERROR;
				CLANG_WARN_DOCUMENTATION_COMMENTS = YES;
				CLANG_WARN_EMPTY_BODY = YES;
				CLANG_WARN_ENUM_CONVERSION = YES;
				CLANG_WARN_INFINITE_RECURSION = YES;
				CLANG_WARN_INT_CONVERSION = YES;
				CLANG_WARN_OBJC_ROOT_CLASS = YES_ERROR;
				CLANG_WARN_RANGE_LOOP_ANALYSIS = YES;
				CLANG_WARN_STRICT_PROTOTYPES = YES;
				CLANG_WARN_SUSPICIOUS_MOVE = YES;
				CLANG_WARN_UNGUARDED_AVAILABILITY = YES_AGGRESSIVE;
				CLANG_WARN_UNREACHABLE_CODE = YES;
				CLANG_WARN__DUPLICATE_METHOD_MATCH = YES;
				CODE_SIGN_IDENTITY = "iPhone Developer";
				COPY_PHASE_STRIP = NO;
				DEBUG_INFORMATION_FORMAT = "dwarf-with-dsym";
				ENABLE_NS_ASSERTIONS = NO;
				ENABLE_STRICT_OBJC_MSGSEND = YES;
				GCC_C_LANGUAGE_STANDARD = gnu11;
				GCC_NO_COMMON_BLOCKS = YES;
				GCC_WARN_64_TO_32_BIT_CONVERSION = YES;
				GCC_WARN_ABOUT_RETURN_TYPE = YES_ERROR;
				GCC_WARN_UNDECLARED_SELECTOR = YES;
				GCC_WARN_UNINITIALIZED_AUTOS = YES_AGGRESSIVE;
				GCC_WARN_UNUSED_FUNCTION = YES;
				GCC_WARN_UNUSED_VARIABLE = YES;
				IPHONEOS_DEPLOYMENT_TARGET = 8.0;
				MTL_ENABLE_DEBUG_INFO = NO;
				SDKROOT = iphoneos;
				VALIDATE_PRODUCT = YES;
			};
			name = Release;
		};
		D96891761F09024500ACB9F4 /* Debug */ = {
			isa = XCBuildConfiguration;
			buildSettings = {
				ASSETCATALOG_COMPILER_APPICON_NAME = AppIcon;
				INFOPLIST_FILE = YYKeyboardManagerDemo/Info.plist;
				LD_RUNPATH_SEARCH_PATHS = "$(inherited) @executable_path/Frameworks";
				PRODUCT_BUNDLE_IDENTIFIER = com.ibireme.YYKeyboardManagerDemo;
				PRODUCT_NAME = "$(TARGET_NAME)";
				TARGETED_DEVICE_FAMILY = "1,2";
			};
			name = Debug;
		};
		D96891771F09024500ACB9F4 /* Release */ = {
			isa = XCBuildConfiguration;
			buildSettings = {
				ASSETCATALOG_COMPILER_APPICON_NAME = AppIcon;
				INFOPLIST_FILE = YYKeyboardManagerDemo/Info.plist;
				LD_RUNPATH_SEARCH_PATHS = "$(inherited) @executable_path/Frameworks";
				PRODUCT_BUNDLE_IDENTIFIER = com.ibireme.YYKeyboardManagerDemo;
				PRODUCT_NAME = "$(TARGET_NAME)";
				TARGETED_DEVICE_FAMILY = "1,2";
			};
			name = Release;
		};
/* End XCBuildConfiguration section */

/* Begin XCConfigurationList section */
		D968915A1F09024500ACB9F4 /* Build configuration list for PBXProject "YYKeyboardManagerDemo" */ = {
			isa = XCConfigurationList;
			buildConfigurations = (
				D96891731F09024500ACB9F4 /* Debug */,
				D96891741F09024500ACB9F4 /* Release */,
			);
			defaultConfigurationIsVisible = 0;
			defaultConfigurationName = Release;
		};
		D96891751F09024500ACB9F4 /* Build configuration list for PBXNativeTarget "YYKeyboardManagerDemo" */ = {
			isa = XCConfigurationList;
			buildConfigurations = (
				D96891761F09024500ACB9F4 /* Debug */,
				D96891771F09024500ACB9F4 /* Release */,
			);
			defaultConfigurationIsVisible = 0;
			defaultConfigurationName = Release;
		};
/* End XCConfigurationList section */
	};
	rootObject = D96891571F09024500ACB9F4 /* Project object */;
}
